
Microsoft Visual Studio Solution File, Format Version 12.00
# Visual Studio 15
VisualStudioVersion = 15.0.28307.902
MinimumVisualStudioVersion = 10.0.40219.1
Project("{FAE04EC0-301F-11D3-BF4B-00C04F79EFBC}") = "Ejercicio_3", "Ejercicio_3\Ejercicio_3.csproj", "{6C355E64-E4C0-4D67-BFF5-8DF92540620D}"
EndProject
Project("{FAE04EC0-301F-11D3-BF4B-00C04F79EFBC}") = "Ejercicio_6", "Ejercicio_6\Ejercicio_6.csproj", "{CA6B7F7A-BE78-463A-8F85-4143F98E7669}"
EndProject
Global
	GlobalSection(SolutionConfigurationPlatforms) = preSolution
		Debug|Any CPU = Debug|Any CPU
		Release|Any CPU = Release|Any CPU
	EndGlobalSection
	GlobalSection(ProjectConfigurationPlatforms) = postSolution
		{6C355E64-E4C0-4D67-BFF5-8DF92540620D}.Debug|Any CPU.ActiveCfg = Debug|Any CPU
		{6C355E64-E4C0-4D67-BFF5-8DF92540620D}.Debug|Any CPU.Build.0 = Debug|Any CPU
		{6C355E64-E4C0-4D67-BFF5-8DF92540620D}.Release|Any CPU.ActiveCfg = Release|Any CPU
		{6C355E64-E4C0-4D67-BFF5-8DF92540620D}.Release|Any CPU.Build.0 = Release|Any CPU
		{CA6B7F7A-BE78-463A-8F85-4143F98E7669}.Debug|Any CPU.ActiveCfg = Debug|Any CPU
		{CA6B7F7A-BE78-463A-8F85-4143F98E7669}.Debug|Any CPU.Build.0 = Debug|Any CPU
		{CA6B7F7A-BE78-463A-8F85-4143F98E7669}.Release|Any CPU.ActiveCfg = Release|Any CPU
		{CA6B7F7A-BE78-463A-8F85-4143F98E7669}.Release|Any CPU.Build.0 = Release|Any CPU
	EndGlobalSection
	GlobalSection(SolutionProperties) = preSolution
		HideSolutionNode = FALSE
	EndGlobalSection
	GlobalSection(ExtensibilityGlobals) = postSolution
		SolutionGuid = {B838AF28-0E8C-4A55-9EE3-F34D0B6C8C9B}
	EndGlobalSection
EndGlobal
